// !$*UTF8*$!
{
	archiveVersion = 1;
	classes = {
	};
	objectVersion = 48;
	objects = {

/* Begin PBXBuildFile section */
		19D788AB1FFB68940040EEF0 /* AppDelegate.swift in Sources */ = {isa = PBXBuildFile; fileRef = 19D788AA1FFB68940040EEF0 /* AppDelegate.swift */; };
		19D788AD1FFB68940040EEF0 /* FeatureAppController.swift in Sources */ = {isa = PBXBuildFile; fileRef = 19D788AC1FFB68940040EEF0 /* FeatureAppController.swift */; };
		19D788B21FFB68940040EEF0 /* Assets.xcassets in Resources */ = {isa = PBXBuildFile; fileRef = 19D788B11FFB68940040EEF0 /* Assets.xcassets */; };
		19D788B51FFB68940040EEF0 /* LaunchScreen.storyboard in Resources */ = {isa = PBXBuildFile; fileRef = 19D788B31FFB68940040EEF0 /* LaunchScreen.storyboard */; };
		19D788C01FFB68940040EEF0 /* AppStoreTests.swift in Sources */ = {isa = PBXBuildFile; fileRef = 19D788BF1FFB68940040EEF0 /* AppStoreTests.swift */; };
		19D788CB1FFB68940040EEF0 /* AppStoreUITests.swift in Sources */ = {isa = PBXBuildFile; fileRef = 19D788CA1FFB68940040EEF0 /* AppStoreUITests.swift */; };
		19D788D91FFB6E000040EEF0 /* CategoryCell.swift in Sources */ = {isa = PBXBuildFile; fileRef = 19D788D81FFB6E000040EEF0 /* CategoryCell.swift */; };
/* End PBXBuildFile section */

/* Begin PBXContainerItemProxy section */
		19D788BC1FFB68940040EEF0 /* PBXContainerItemProxy */ = {
			isa = PBXContainerItemProxy;
			containerPortal = 19D7889F1FFB68930040EEF0 /* Project object */;
			proxyType = 1;
			remoteGlobalIDString = 19D788A61FFB68930040EEF0;
			remoteInfo = AppStore;
		};
		19D788C71FFB68940040EEF0 /* PBXContainerItemProxy */ = {
			isa = PBXContainerItemProxy;
			containerPortal = 19D7889F1FFB68930040EEF0 /* Project object */;
			proxyType = 1;
			remoteGlobalIDString = 19D788A61FFB68930040EEF0;
			remoteInfo = AppStore;
		};
/* End PBXContainerItemProxy section */

/* Begin PBXFileReference section */
		19D788A71FFB68930040EEF0 /* AppStore.app */ = {isa = PBXFileReference; explicitFileType = wrapper.application; includeInIndex = 0; path = AppStore.app; sourceTree = BUILT_PRODUCTS_DIR; };
		19D788AA1FFB68940040EEF0 /* AppDelegate.swift */ = {isa = PBXFileReference; lastKnownFileType = sourcecode.swift; path = AppDelegate.swift; sourceTree = "<group>"; };
		19D788AC1FFB68940040EEF0 /* FeatureAppController.swift */ = {isa = PBXFileReference; lastKnownFileType = sourcecode.swift; path = FeatureAppController.swift; sourceTree = "<group>"; };
		19D788B11FFB68940040EEF0 /* Assets.xcassets */ = {isa = PBXFileReference; lastKnownFileType = folder.assetcatalog; path = Assets.xcassets; sourceTree = "<group>"; };
		19D788B41FFB68940040EEF0 /* Base */ = {isa = PBXFileReference; lastKnownFileType = file.storyboard; name = Base; path = Base.lproj/LaunchScreen.storyboard; sourceTree = "<group>"; };
		19D788B61FFB68940040EEF0 /* Info.plist */ = {isa = PBXFileReference; lastKnownFileType = text.plist.xml; path = Info.plist; sourceTree = "<group>"; };
		19D788BB1FFB68940040EEF0 /* AppStoreTests.xctest */ = {isa = PBXFileReference; explicitFileType = wrapper.cfbundle; includeInIndex = 0; path = AppStoreTests.xctest; sourceTree = BUILT_PRODUCTS_DIR; };
		19D788BF1FFB68940040EEF0 /* AppStoreTests.swift */ = {isa = PBXFileReference; lastKnownFileType = sourcecode.swift; path = AppStoreTests.swift; sourceTree = "<group>"; };
		19D788C11FFB68940040EEF0 /* Info.plist */ = {isa = PBXFileReference; lastKnownFileType = text.plist.xml; path = Info.plist; sourceTree = "<group>"; };
		19D788C61FFB68940040EEF0 /* AppStoreUITests.xctest */ = {isa = PBXFileReference; explicitFileType = wrapper.cfbundle; includeInIndex = 0; path = AppStoreUITests.xctest; sourceTree = BUILT_PRODUCTS_DIR; };
		19D788CA1FFB68940040EEF0 /* AppStoreUITests.swift */ = {isa = PBXFileReference; lastKnownFileType = sourcecode.swift; path = AppStoreUITests.swift; sourceTree = "<group>"; };
		19D788CC1FFB68940040EEF0 /* Info.plist */ = {isa = PBXFileReference; lastKnownFileType = text.plist.xml; path = Info.plist; sourceTree = "<group>"; };
		19D788D81FFB6E000040EEF0 /* CategoryCell.swift */ = {isa = PBXFileReference; lastKnownFileType = sourcecode.swift; path = CategoryCell.swift; sourceTree = "<group>"; };
/* End PBXFileReference section */

/* Begin PBXFrameworksBuildPhase section */
		19D788A41FFB68930040EEF0 /* Frameworks */ = {
			isa = PBXFrameworksBuildPhase;
			buildActionMask = 2147483647;
			files = (
			);
			runOnlyForDeploymentPostprocessing = 0;
		};
		19D788B81FFB68940040EEF0 /* Frameworks */ = {
			isa = PBXFrameworksBuildPhase;
			buildActionMask = 2147483647;
			files = (
			);
			runOnlyForDeploymentPostprocessing = 0;
		};
		19D788C31FFB68940040EEF0 /* Frameworks */ = {
			isa = PBXFrameworksBuildPhase;
			buildActionMask = 2147483647;
			files = (
			);
			runOnlyForDeploymentPostprocessing = 0;
		};
/* End PBXFrameworksBuildPhase section */

/* Begin PBXGroup section */
		19D7889E1FFB68930040EEF0 = {
			isa = PBXGroup;
			children = (
				19D788A91FFB68940040EEF0 /* AppStore */,
				19D788BE1FFB68940040EEF0 /* AppStoreTests */,
				19D788C91FFB68940040EEF0 /* AppStoreUITests */,
				19D788A81FFB68940040EEF0 /* Products */,
			);
			sourceTree = "<group>";
		};
		19D788A81FFB68940040EEF0 /* Products */ = {
			isa = PBXGroup;
			children = (
				19D788A71FFB68930040EEF0 /* AppStore.app */,
				19D788BB1FFB68940040EEF0 /* AppStoreTests.xctest */,
				19D788C61FFB68940040EEF0 /* AppStoreUITests.xctest */,
			);
			name = Products;
			sourceTree = "<group>";
		};
		19D788A91FFB68940040EEF0 /* AppStore */ = {
			isa = PBXGroup;
			children = (
				19D788AA1FFB68940040EEF0 /* AppDelegate.swift */,
				19D788AC1FFB68940040EEF0 /* FeatureAppController.swift */,
				19D788B11FFB68940040EEF0 /* Assets.xcassets */,
				19D788B31FFB68940040EEF0 /* LaunchScreen.storyboard */,
				19D788B61FFB68940040EEF0 /* Info.plist */,
				19D788D81FFB6E000040EEF0 /* CategoryCell.swift */,
			);
			path = AppStore;
			sourceTree = "<group>";
		};
		19D788BE1FFB68940040EEF0 /* AppStoreTests */ = {
			isa = PBXGroup;
			children = (
				19D788BF1FFB68940040EEF0 /* AppStoreTests.swift */,
				19D788C11FFB68940040EEF0 /* Info.plist */,
			);
			path = AppStoreTests;
			sourceTree = "<group>";
		};
		19D788C91FFB68940040EEF0 /* AppStoreUITests */ = {
			isa = PBXGroup;
			children = (
				19D788CA1FFB68940040EEF0 /* AppStoreUITests.swift */,
				19D788CC1FFB68940040EEF0 /* Info.plist */,
			);
			path = AppStoreUITests;
			sourceTree = "<group>";
		};
/* End PBXGroup section */

/* Begin PBXNativeTarget section */
		19D788A61FFB68930040EEF0 /* AppStore */ = {
			isa = PBXNativeTarget;
			buildConfigurationList = 19D788CF1FFB68940040EEF0 /* Build configuration list for PBXNativeTarget "AppStore" */;
			buildPhases = (
				19D788A31FFB68930040EEF0 /* Sources */,
				19D788A41FFB68930040EEF0 /* Frameworks */,
				19D788A51FFB68930040EEF0 /* Resources */,
			);
			buildRules = (
			);
			dependencies = (
			);
			name = AppStore;
			productName = AppStore;
			productReference = 19D788A71FFB68930040EEF0 /* AppStore.app */;
			productType = "com.apple.product-type.application";
		};
		19D788BA1FFB68940040EEF0 /* AppStoreTests */ = {
			isa = PBXNativeTarget;
			buildConfigurationList = 19D788D21FFB68940040EEF0 /* Build configuration list for PBXNativeTarget "AppStoreTests" */;
			buildPhases = (
				19D788B71FFB68940040EEF0 /* Sources */,
				19D788B81FFB68940040EEF0 /* Frameworks */,
				19D788B91FFB68940040EEF0 /* Resources */,
			);
			buildRules = (
			);
			dependencies = (
				19D788BD1FFB68940040EEF0 /* PBXTargetDependency */,
			);
			name = AppStoreTests;
			productName = AppStoreTests;
			productReference = 19D788BB1FFB68940040EEF0 /* AppStoreTests.xctest */;
			productType = "com.apple.product-type.bundle.unit-test";
		};
		19D788C51FFB68940040EEF0 /* AppStoreUITests */ = {
			isa = PBXNativeTarget;
			buildConfigurationList = 19D788D51FFB68940040EEF0 /* Build configuration list for PBXNativeTarget "AppStoreUITests" */;
			buildPhases = (
				19D788C21FFB68940040EEF0 /* Sources */,
				19D788C31FFB68940040EEF0 /* Frameworks */,
				19D788C41FFB68940040EEF0 /* Resources */,
			);
			buildRules = (
			);
			dependencies = (
				19D788C81FFB68940040EEF0 /* PBXTargetDependency */,
			);
			name = AppStoreUITests;
			productName = AppStoreUITests;
			productReference = 19D788C61FFB68940040EEF0 /* AppStoreUITests.xctest */;
			productType = "com.apple.product-type.bundle.ui-testing";
		};
/* End PBXNativeTarget section */

/* Begin PBXProject section */
		19D7889F1FFB68930040EEF0 /* Project object */ = {
			isa = PBXProject;
			attributes = {
				LastSwiftUpdateCheck = 0920;
				LastUpgradeCheck = 0920;
				ORGANIZATIONNAME = kwanghyun.won;
				TargetAttributes = {
					19D788A61FFB68930040EEF0 = {
						CreatedOnToolsVersion = 9.2;
						ProvisioningStyle = Automatic;
					};
					19D788BA1FFB68940040EEF0 = {
						CreatedOnToolsVersion = 9.2;
						ProvisioningStyle = Automatic;
						TestTargetID = 19D788A61FFB68930040EEF0;
					};
					19D788C51FFB68940040EEF0 = {
						CreatedOnToolsVersion = 9.2;
						ProvisioningStyle = Automatic;
						TestTargetID = 19D788A61FFB68930040EEF0;
					};
				};
			};
			buildConfigurationList = 19D788A21FFB68930040EEF0 /* Build configuration list for PBXProject "AppStore" */;
			compatibilityVersion = "Xcode 8.0";
			developmentRegion = en;
			hasScannedForEncodings = 0;
			knownRegions = (
				en,
				Base,
			);
			mainGroup = 19D7889E1FFB68930040EEF0;
			productRefGroup = 19D788A81FFB68940040EEF0 /* Products */;
			projectDirPath = "";
			projectRoot = "";
			targets = (
				19D788A61FFB68930040EEF0 /* AppStore */,
				19D788BA1FFB68940040EEF0 /* AppStoreTests */,
				19D788C51FFB68940040EEF0 /* AppStoreUITests */,
			);
		};
/* End PBXProject section */

/* Begin PBXResourcesBuildPhase section */
		19D788A51FFB68930040EEF0 /* Resources */ = {
			isa = PBXResourcesBuildPhase;
			buildActionMask = 2147483647;
			files = (
				19D788B51FFB68940040EEF0 /* LaunchScreen.storyboard in Resources */,
				19D788B21FFB68940040EEF0 /* Assets.xcassets in Resources */,
			);
			runOnlyForDeploymentPostprocessing = 0;
		};
		19D788B91FFB68940040EEF0 /* Resources */ = {
			isa = PBXResourcesBuildPhase;
			buildActionMask = 2147483647;
			files = (
			);
			runOnlyForDeploymentPostprocessing = 0;
		};
		19D788C41FFB68940040EEF0 /* Resources */ = {
			isa = PBXResourcesBuildPhase;
			buildActionMask = 2147483647;
			files = (
			);
			runOnlyForDeploymentPostprocessing = 0;
		};
/* End PBXResourcesBuildPhase section */

/* Begin PBXSourcesBuildPhase section */
		19D788A31FFB68930040EEF0 /* Sources */ = {
			isa = PBXSourcesBuildPhase;
			buildActionMask = 2147483647;
			files = (
				19D788AD1FFB68940040EEF0 /* FeatureAppController.swift in Sources */,
				19D788AB1FFB68940040EEF0 /* AppDelegate.swift in Sources */,
				19D788D91FFB6E000040EEF0 /* CategoryCell.swift in Sources */,
			);
			runOnlyForDeploymentPostprocessing = 0;
		};
		19D788B71FFB68940040EEF0 /* Sources */ = {
			isa = PBXSourcesBuildPhase;
			buildActionMask = 2147483647;
			files = (
				19D788C01FFB68940040EEF0 /* AppStoreTests.swift in Sources */,
			);
			runOnlyForDeploymentPostprocessing = 0;
		};
		19D788C21FFB68940040EEF0 /* Sources */ = {
			isa = PBXSourcesBuildPhase;
			buildActionMask = 2147483647;
			files = (
				19D788CB1FFB68940040EEF0 /* AppStoreUITests.swift in Sources */,
			);
			runOnlyForDeploymentPostprocessing = 0;
		};
/* End PBXSourcesBuildPhase section */

/* Begin PBXTargetDependency section */
		19D788BD1FFB68940040EEF0 /* PBXTargetDependency */ = {
			isa = PBXTargetDependency;
			target = 19D788A61FFB68930040EEF0 /* AppStore */;
			targetProxy = 19D788BC1FFB68940040EEF0 /* PBXContainerItemProxy */;
		};
		19D788C81FFB68940040EEF0 /* PBXTargetDependency */ = {
			isa = PBXTargetDependency;
			target = 19D788A61FFB68930040EEF0 /* AppStore */;
			targetProxy = 19D788C71FFB68940040EEF0 /* PBXContainerItemProxy */;
		};
/* End PBXTargetDependency section */

/* Begin PBXVariantGroup section */
		19D788B31FFB68940040EEF0 /* LaunchScreen.storyboard */ = {
			isa = PBXVariantGroup;
			children = (
				19D788B41FFB68940040EEF0 /* Base */,
			);
			name = LaunchScreen.storyboard;
			sourceTree = "<group>";
		};
/* End PBXVariantGroup section */

/* Begin XCBuildConfiguration section */
		19D788CD1FFB68940040EEF0 /* Debug */ = {
			isa = XCBuildConfiguration;
			buildSettings = {
				ALWAYS_SEARCH_USER_PATHS = NO;
				CLANG_ANALYZER_NONNULL = YES;
				CLANG_ANALYZER_NUMBER_OBJECT_CONVERSION = YES_AGGRESSIVE;
				CLANG_CXX_LANGUAGE_STANDARD = "gnu++14";
				CLANG_CXX_LIBRARY = "libc++";
				CLANG_ENABLE_MODULES = YES;
				CLANG_ENABLE_OBJC_ARC = YES;
				CLANG_WARN_BLOCK_CAPTURE_AUTORELEASING = YES;
				CLANG_WARN_BOOL_CONVERSION = YES;
				CLANG_WARN_COMMA = YES;
				CLANG_WARN_CONSTANT_CONVERSION = YES;
				CLANG_WARN_DIRECT_OBJC_ISA_USAGE = YES_ERROR;
				CLANG_WARN_DOCUMENTATION_COMMENTS = YES;
				CLANG_WARN_EMPTY_BODY = YES;
				CLANG_WARN_ENUM_CONVERSION = YES;
				CLANG_WARN_INFINITE_RECURSION = YES;
				CLANG_WARN_INT_CONVERSION = YES;
				CLANG_WARN_NON_LITERAL_NULL_CONVERSION = YES;
				CLANG_WARN_OBJC_LITERAL_CONVERSION = YES;
				CLANG_WARN_OBJC_ROOT_CLASS = YES_ERROR;
				CLANG_WARN_RANGE_LOOP_ANALYSIS = YES;
				CLANG_WARN_STRICT_PROTOTYPES = YES;
				CLANG_WARN_SUSPICIOUS_MOVE = YES;
				CLANG_WARN_UNGUARDED_AVAILABILITY = YES_AGGRESSIVE;
				CLANG_WARN_UNREACHABLE_CODE = YES;
				CLANG_WARN__DUPLICATE_METHOD_MATCH = YES;
				CODE_SIGN_IDENTITY = "iPhone Developer";
				COPY_PHASE_STRIP = NO;
				DEBUG_INFORMATION_FORMAT = dwarf;
				ENABLE_STRICT_OBJC_MSGSEND = YES;
				ENABLE_TESTABILITY = YES;
				GCC_C_LANGUAGE_STANDARD = gnu11;
				GCC_DYNAMIC_NO_PIC = NO;
				GCC_NO_COMMON_BLOCKS = YES;
				GCC_OPTIMIZATION_LEVEL = 0;
				GCC_PREPROCESSOR_DEFINITIONS = (
					"DEBUG=1",
					"$(inherited)",
				);
				GCC_WARN_64_TO_32_BIT_CONVERSION = YES;
				GCC_WARN_ABOUT_RETURN_TYPE = YES_ERROR;
				GCC_WARN_UNDECLARED_SELECTOR = YES;
				GCC_WARN_UNINITIALIZED_AUTOS = YES_AGGRESSIVE;
				GCC_WARN_UNUSED_FUNCTION = YES;
				GCC_WARN_UNUSED_VARIABLE = YES;
				IPHONEOS_DEPLOYMENT_TARGET = 11.2;
				MTL_ENABLE_DEBUG_INFO = YES;
				ONLY_ACTIVE_ARCH = YES;
				SDKROOT = iphoneos;
				SWIFT_ACTIVE_COMPILATION_CONDITIONS = DEBUG;
				SWIFT_OPTIMIZATION_LEVEL = "-Onone";
			};
			name = Debug;
		};
		19D788CE1FFB68940040EEF0 /* Release */ = {
			isa = XCBuildConfiguration;
			buildSettings = {
				ALWAYS_SEARCH_USER_PATHS = NO;
				CLANG_ANALYZER_NONNULL = YES;
				CLANG_ANALYZER_NUMBER_OBJECT_CONVERSION = YES_AGGRESSIVE;
				CLANG_CXX_LANGUAGE_STANDARD = "gnu++14";
				CLANG_CXX_LIBRARY = "libc++";
				CLANG_ENABLE_MODULES = YES;
				CLANG_ENABLE_OBJC_ARC = YES;
				CLANG_WARN_BLOCK_CAPTURE_AUTORELEASING = YES;
				CLANG_WARN_BOOL_CONVERSION = YES;
				CLANG_WARN_COMMA = YES;
				CLANG_WARN_CONSTANT_CONVERSION = YES;
				CLANG_WARN_DIRECT_OBJC_ISA_USAGE = YES_ERROR;
				CLANG_WARN_DOCUMENTATION_COMMENTS = YES;
				CLANG_WARN_EMPTY_BODY = YES;
				CLANG_WARN_ENUM_CONVERSION = YES;
				CLANG_WARN_INFINITE_RECURSION = YES;
				CLANG_WARN_INT_CONVERSION = YES;
				CLANG_WARN_NON_LITERAL_NULL_CONVERSION = YES;
				CLANG_WARN_OBJC_LITERAL_CONVERSION = YES;
				CLANG_WARN_OBJC_ROOT_CLASS = YES_ERROR;
				CLANG_WARN_RANGE_LOOP_ANALYSIS = YES;
				CLANG_WARN_STRICT_PROTOTYPES = YES;
				CLANG_WARN_SUSPICIOUS_MOVE = YES;
				CLANG_WARN_UNGUARDED_AVAILABILITY = YES_AGGRESSIVE;
				CLANG_WARN_UNREACHABLE_CODE = YES;
				CLANG_WARN__DUPLICATE_METHOD_MATCH = YES;
				CODE_SIGN_IDENTITY = "iPhone Developer";
				COPY_PHASE_STRIP = NO;
				DEBUG_INFORMATION_FORMAT = "dwarf-with-dsym";
				ENABLE_NS_ASSERTIONS = NO;
				ENABLE_STRICT_OBJC_MSGSEND = YES;
				GCC_C_LANGUAGE_STANDARD = gnu11;
				GCC_NO_COMMON_BLOCKS = YES;
				GCC_WARN_64_TO_32_BIT_CONVERSION = YES;
				GCC_WARN_ABOUT_RETURN_TYPE = YES_ERROR;
				GCC_WARN_UNDECLARED_SELECTOR = YES;
				GCC_WARN_UNINITIALIZED_AUTOS = YES_AGGRESSIVE;
				GCC_WARN_UNUSED_FUNCTION = YES;
				GCC_WARN_UNUSED_VARIABLE = YES;
				IPHONEOS_DEPLOYMENT_TARGET = 11.2;
				MTL_ENABLE_DEBUG_INFO = NO;
				SDKROOT = iphoneos;
				SWIFT_OPTIMIZATION_LEVEL = "-Owholemodule";
				VALIDATE_PRODUCT = YES;
			};
			name = Release;
		};
		19D788D01FFB68940040EEF0 /* Debug */ = {
			isa = XCBuildConfiguration;
			buildSettings = {
				ASSETCATALOG_COMPILER_APPICON_NAME = AppIcon;
				CODE_SIGN_STYLE = Automatic;
				DEVELOPMENT_TEAM = Z28THT4B7U;
				INFOPLIST_FILE = AppStore/Info.plist;
				LD_RUNPATH_SEARCH_PATHS = "$(inherited) @executable_path/Frameworks";
				PRODUCT_BUNDLE_IDENTIFIER = com.khwon.AppStore;
				PRODUCT_NAME = "$(TARGET_NAME)";
				SWIFT_VERSION = 4.0;
				TARGETED_DEVICE_FAMILY = "1,2";
			};
			name = Debug;
		};
		19D788D11FFB68940040EEF0 /* Release */ = {
			isa = XCBuildConfiguration;
			buildSettings = {
				ASSETCATALOG_COMPILER_APPICON_NAME = AppIcon;
				CODE_SIGN_STYLE = Automatic;
				DEVELOPMENT_TEAM = Z28THT4B7U;
				INFOPLIST_FILE = AppStore/Info.plist;
				LD_RUNPATH_SEARCH_PATHS = "$(inherited) @executable_path/Frameworks";
				PRODUCT_BUNDLE_IDENTIFIER = com.khwon.AppStore;
				PRODUCT_NAME = "$(TARGET_NAME)";
				SWIFT_VERSION = 4.0;
				TARGETED_DEVICE_FAMILY = "1,2";
			};
			name = Release;
		};
		19D788D31FFB68940040EEF0 /* Debug */ = {
			isa = XCBuildConfiguration;
			buildSettings = {
				ALWAYS_EMBED_SWIFT_STANDARD_LIBRARIES = YES;
				BUNDLE_LOADER = "$(TEST_HOST)";
				CODE_SIGN_STYLE = Automatic;
				DEVELOPMENT_TEAM = Z28THT4B7U;
				INFOPLIST_FILE = AppStoreTests/Info.plist;
				LD_RUNPATH_SEARCH_PATHS = "$(inherited) @executable_path/Frameworks @loader_path/Frameworks";
				PRODUCT_BUNDLE_IDENTIFIER = com.khwon.AppStoreTests;
				PRODUCT_NAME = "$(TARGET_NAME)";
				SWIFT_VERSION = 4.0;
				TARGETED_DEVICE_FAMILY = "1,2";
				TEST_HOST = "$(BUILT_PRODUCTS_DIR)/AppStore.app/AppStore";
			};
			name = Debug;
		};
		19D788D41FFB68940040EEF0 /* Release */ = {
			isa = XCBuildConfiguration;
			buildSettings = {
				ALWAYS_EMBED_SWIFT_STANDARD_LIBRARIES = YES;
				BUNDLE_LOADER = "$(TEST_HOST)";
				CODE_SIGN_STYLE = Automatic;
				DEVELOPMENT_TEAM = Z28THT4B7U;
				INFOPLIST_FILE = AppStoreTests/Info.plist;
				LD_RUNPATH_SEARCH_PATHS = "$(inherited) @executable_path/Frameworks @loader_path/Frameworks";
				PRODUCT_BUNDLE_IDENTIFIER = com.khwon.AppStoreTests;
				PRODUCT_NAME = "$(TARGET_NAME)";
				SWIFT_VERSION = 4.0;
				TARGETED_DEVICE_FAMILY = "1,2";
				TEST_HOST = "$(BUILT_PRODUCTS_DIR)/AppStore.app/AppStore";
			};
			name = Release;
		};
		19D788D61FFB68940040EEF0 /* Debug */ = {
			isa = XCBuildConfiguration;
			buildSettings = {
				ALWAYS_EMBED_SWIFT_STANDARD_LIBRARIES = YES;
				CODE_SIGN_STYLE = Automatic;
				DEVELOPMENT_TEAM = Z28THT4B7U;
				INFOPLIST_FILE = AppStoreUITests/Info.plist;
				LD_RUNPATH_SEARCH_PATHS = "$(inherited) @executable_path/Frameworks @loader_path/Frameworks";
				PRODUCT_BUNDLE_IDENTIFIER = com.khwon.AppStoreUITests;
				PRODUCT_NAME = "$(TARGET_NAME)";
				SWIFT_VERSION = 4.0;
				TARGETED_DEVICE_FAMILY = "1,2";
				TEST_TARGET_NAME = AppStore;
			};
			name = Debug;
		};
		19D788D71FFB68940040EEF0 /* Release */ = {
			isa = XCBuildConfiguration;
			buildSettings = {
				ALWAYS_EMBED_SWIFT_STANDARD_LIBRARIES = YES;
				CODE_SIGN_STYLE = Automatic;
				DEVELOPMENT_TEAM = Z28THT4B7U;
				INFOPLIST_FILE = AppStoreUITests/Info.plist;
				LD_RUNPATH_SEARCH_PATHS = "$(inherited) @executable_path/Frameworks @loader_path/Frameworks";
				PRODUCT_BUNDLE_IDENTIFIER = com.khwon.AppStoreUITests;
				PRODUCT_NAME = "$(TARGET_NAME)";
				SWIFT_VERSION = 4.0;
				TARGETED_DEVICE_FAMILY = "1,2";
				TEST_TARGET_NAME = AppStore;
			};
			name = Release;
		};
/* End XCBuildConfiguration section */

/* Begin XCConfigurationList section */
		19D788A21FFB68930040EEF0 /* Build configuration list for PBXProject "AppStore" */ = {
			isa = XCConfigurationList;
			buildConfigurations = (
				19D788CD1FFB68940040EEF0 /* Debug */,
				19D788CE1FFB68940040EEF0 /* Release */,
			);
			defaultConfigurationIsVisible = 0;
			defaultConfigurationName = Release;
		};
		19D788CF1FFB68940040EEF0 /* Build configuration list for PBXNativeTarget "AppStore" */ = {
			isa = XCConfigurationList;
			buildConfigurations = (
				19D788D01FFB68940040EEF0 /* Debug */,
				19D788D11FFB68940040EEF0 /* Release */,
			);
			defaultConfigurationIsVisible = 0;
			defaultConfigurationName = Release;
		};
		19D788D21FFB68940040EEF0 /* Build configuration list for PBXNativeTarget "AppStoreTests" */ = {
			isa = XCConfigurationList;
			buildConfigurations = (
				19D788D31FFB68940040EEF0 /* Debug */,
				19D788D41FFB68940040EEF0 /* Release */,
			);
			defaultConfigurationIsVisible = 0;
			defaultConfigurationName = Release;
		};
		19D788D51FFB68940040EEF0 /* Build configuration list for PBXNativeTarget "AppStoreUITests" */ = {
			isa = XCConfigurationList;
			buildConfigurations = (
				19D788D61FFB68940040EEF0 /* Debug */,
				19D788D71FFB68940040EEF0 /* Release */,
			);
			defaultConfigurationIsVisible = 0;
			defaultConfigurationName = Release;
		};
/* End XCConfigurationList section */
	};
	rootObject = 19D7889F1FFB68930040EEF0 /* Project object */;
}
